// !$*UTF8*$!
{
	archiveVersion = 1;
	classes = {
	};
	objectVersion = 46;
	objects = {

/* Begin PBXBuildFile section */
		23DEBEC3E794DBB381FA2CA1 /* Pods_TravelDiary.framework in Frameworks */ = {isa = PBXBuildFile; fileRef = DCB63399BCF5674B2AA10BAD /* Pods_TravelDiary.framework */; };
		FA04E7151DA096CC00539F65 /* AppDelegate.swift in Sources */ = {isa = PBXBuildFile; fileRef = FA04E7141DA096CC00539F65 /* AppDelegate.swift */; };
		FA04E7171DA096CC00539F65 /* ViewController.swift in Sources */ = {isa = PBXBuildFile; fileRef = FA04E7161DA096CC00539F65 /* ViewController.swift */; };
		FA04E71A1DA096CC00539F65 /* Main.storyboard in Resources */ = {isa = PBXBuildFile; fileRef = FA04E7181DA096CC00539F65 /* Main.storyboard */; };
		FA04E71C1DA096CC00539F65 /* Assets.xcassets in Resources */ = {isa = PBXBuildFile; fileRef = FA04E71B1DA096CC00539F65 /* Assets.xcassets */; };
		FA04E71F1DA096CC00539F65 /* LaunchScreen.storyboard in Resources */ = {isa = PBXBuildFile; fileRef = FA04E71D1DA096CC00539F65 /* LaunchScreen.storyboard */; };
		FA04E7271DA0AA8B00539F65 /* CoreLocation.framework in Frameworks */ = {isa = PBXBuildFile; fileRef = FA04E7261DA0AA8B00539F65 /* CoreLocation.framework */; };
/* End PBXBuildFile section */

/* Begin PBXFileReference section */
		34F5919B1BDD237D91891244 /* Pods-TravelDiary.release.xcconfig */ = {isa = PBXFileReference; includeInIndex = 1; lastKnownFileType = text.xcconfig; name = "Pods-TravelDiary.release.xcconfig"; path = "Pods/Target Support Files/Pods-TravelDiary/Pods-TravelDiary.release.xcconfig"; sourceTree = "<group>"; };
		417408105C293FCE0EB215E1 /* Pods-TravelDiary.debug.xcconfig */ = {isa = PBXFileReference; includeInIndex = 1; lastKnownFileType = text.xcconfig; name = "Pods-TravelDiary.debug.xcconfig"; path = "Pods/Target Support Files/Pods-TravelDiary/Pods-TravelDiary.debug.xcconfig"; sourceTree = "<group>"; };
		DCB63399BCF5674B2AA10BAD /* Pods_TravelDiary.framework */ = {isa = PBXFileReference; explicitFileType = wrapper.framework; includeInIndex = 0; path = Pods_TravelDiary.framework; sourceTree = BUILT_PRODUCTS_DIR; };
		FA04E7111DA096CC00539F65 /* TravelDiary.app */ = {isa = PBXFileReference; explicitFileType = wrapper.application; includeInIndex = 0; path = TravelDiary.app; sourceTree = BUILT_PRODUCTS_DIR; };
		FA04E7141DA096CC00539F65 /* AppDelegate.swift */ = {isa = PBXFileReference; lastKnownFileType = sourcecode.swift; path = AppDelegate.swift; sourceTree = "<group>"; };
		FA04E7161DA096CC00539F65 /* ViewController.swift */ = {isa = PBXFileReference; lastKnownFileType = sourcecode.swift; path = ViewController.swift; sourceTree = "<group>"; };
		FA04E7191DA096CC00539F65 /* Base */ = {isa = PBXFileReference; lastKnownFileType = file.storyboard; name = Base; path = Base.lproj/Main.storyboard; sourceTree = "<group>"; };
		FA04E71B1DA096CC00539F65 /* Assets.xcassets */ = {isa = PBXFileReference; lastKnownFileType = folder.assetcatalog; path = Assets.xcassets; sourceTree = "<group>"; };
		FA04E71E1DA096CC00539F65 /* Base */ = {isa = PBXFileReference; lastKnownFileType = file.storyboard; name = Base; path = Base.lproj/LaunchScreen.storyboard; sourceTree = "<group>"; };
		FA04E7201DA096CC00539F65 /* Info.plist */ = {isa = PBXFileReference; lastKnownFileType = text.plist.xml; path = Info.plist; sourceTree = "<group>"; };
		FA04E7261DA0AA8B00539F65 /* CoreLocation.framework */ = {isa = PBXFileReference; lastKnownFileType = wrapper.framework; name = CoreLocation.framework; path = System/Library/Frameworks/CoreLocation.framework; sourceTree = SDKROOT; };
/* End PBXFileReference section */

/* Begin PBXFrameworksBuildPhase section */
		FA04E70E1DA096CC00539F65 /* Frameworks */ = {
			isa = PBXFrameworksBuildPhase;
			buildActionMask = 2147483647;
			files = (
				FA04E7271DA0AA8B00539F65 /* CoreLocation.framework in Frameworks */,
				23DEBEC3E794DBB381FA2CA1 /* Pods_TravelDiary.framework in Frameworks */,
			);
			runOnlyForDeploymentPostprocessing = 0;
		};
/* End PBXFrameworksBuildPhase section */

/* Begin PBXGroup section */
		20709BA92D47F63EE8D70BE5 /* Frameworks */ = {
			isa = PBXGroup;
			children = (
				DCB63399BCF5674B2AA10BAD /* Pods_TravelDiary.framework */,
			);
			name = Frameworks;
			sourceTree = "<group>";
		};
		EB55872A5F548CA5A980BC0D /* Pods */ = {
			isa = PBXGroup;
			children = (
				417408105C293FCE0EB215E1 /* Pods-TravelDiary.debug.xcconfig */,
				34F5919B1BDD237D91891244 /* Pods-TravelDiary.release.xcconfig */,
			);
			name = Pods;
			sourceTree = "<group>";
		};
		FA04E7081DA096CC00539F65 = {
			isa = PBXGroup;
			children = (
				FA04E7261DA0AA8B00539F65 /* CoreLocation.framework */,
				FA04E7131DA096CC00539F65 /* TravelDiary */,
				FA04E7121DA096CC00539F65 /* Products */,
				EB55872A5F548CA5A980BC0D /* Pods */,
				20709BA92D47F63EE8D70BE5 /* Frameworks */,
			);
			sourceTree = "<group>";
		};
		FA04E7121DA096CC00539F65 /* Products */ = {
			isa = PBXGroup;
			children = (
				FA04E7111DA096CC00539F65 /* TravelDiary.app */,
			);
			name = Products;
			sourceTree = "<group>";
		};
		FA04E7131DA096CC00539F65 /* TravelDiary */ = {
			isa = PBXGroup;
			children = (
				FA04E7141DA096CC00539F65 /* AppDelegate.swift */,
				FA04E7161DA096CC00539F65 /* ViewController.swift */,
				FA04E7181DA096CC00539F65 /* Main.storyboard */,
				FA04E71B1DA096CC00539F65 /* Assets.xcassets */,
				FA04E71D1DA096CC00539F65 /* LaunchScreen.storyboard */,
				FA04E7201DA096CC00539F65 /* Info.plist */,
			);
			path = TravelDiary;
			sourceTree = "<group>";
		};
/* End PBXGroup section */

/* Begin PBXNativeTarget section */
		FA04E7101DA096CC00539F65 /* TravelDiary */ = {
			isa = PBXNativeTarget;
			buildConfigurationList = FA04E7231DA096CC00539F65 /* Build configuration list for PBXNativeTarget "TravelDiary" */;
			buildPhases = (
				CE226CA3D26E03DADD8CC783 /* [CP] Check Pods Manifest.lock */,
				FA04E70D1DA096CC00539F65 /* Sources */,
				FA04E70E1DA096CC00539F65 /* Frameworks */,
				FA04E70F1DA096CC00539F65 /* Resources */,
				829395D275DD545F05913931 /* [CP] Embed Pods Frameworks */,
				A5ADAB53FA3EF2ED8BE04726 /* [CP] Copy Pods Resources */,
			);
			buildRules = (
			);
			dependencies = (
			);
			name = TravelDiary;
			productName = TravelDiary;
			productReference = FA04E7111DA096CC00539F65 /* TravelDiary.app */;
			productType = "com.apple.product-type.application";
		};
/* End PBXNativeTarget section */

/* Begin PBXProject section */
		FA04E7091DA096CC00539F65 /* Project object */ = {
			isa = PBXProject;
			attributes = {
				LastSwiftUpdateCheck = 0730;
				LastUpgradeCheck = 0730;
				ORGANIZATIONNAME = "Oleksandr Sofishchenko";
				TargetAttributes = {
					FA04E7101DA096CC00539F65 = {
						CreatedOnToolsVersion = 7.3;
					};
				};
			};
			buildConfigurationList = FA04E70C1DA096CC00539F65 /* Build configuration list for PBXProject "TravelDiary" */;
			compatibilityVersion = "Xcode 3.2";
			developmentRegion = English;
			hasScannedForEncodings = 0;
			knownRegions = (
				en,
				Base,
			);
			mainGroup = FA04E7081DA096CC00539F65;
			productRefGroup = FA04E7121DA096CC00539F65 /* Products */;
			projectDirPath = "";
			projectRoot = "";
			targets = (
				FA04E7101DA096CC00539F65 /* TravelDiary */,
			);
		};
/* End PBXProject section */

/* Begin PBXResourcesBuildPhase section */
		FA04E70F1DA096CC00539F65 /* Resources */ = {
			isa = PBXResourcesBuildPhase;
			buildActionMask = 2147483647;
			files = (
				FA04E71F1DA096CC00539F65 /* LaunchScreen.storyboard in Resources */,
				FA04E71C1DA096CC00539F65 /* Assets.xcassets in Resources */,
				FA04E71A1DA096CC00539F65 /* Main.storyboard in Resources */,
			);
			runOnlyForDeploymentPostprocessing = 0;
		};
/* End PBXResourcesBuildPhase section */

/* Begin PBXShellScriptBuildPhase section */
		829395D275DD545F05913931 /* [CP] Embed Pods Frameworks */ = {
			isa = PBXShellScriptBuildPhase;
			buildActionMask = 2147483647;
			files = (
			);
			inputPaths = (
			);
			name = "[CP] Embed Pods Frameworks";
			outputPaths = (
			);
			runOnlyForDeploymentPostprocessing = 0;
			shellPath = /bin/sh;
			shellScript = "\"${SRCROOT}/Pods/Target Support Files/Pods-TravelDiary/Pods-TravelDiary-frameworks.sh\"\n";
			showEnvVarsInLog = 0;
		};
		A5ADAB53FA3EF2ED8BE04726 /* [CP] Copy Pods Resources */ = {
			isa = PBXShellScriptBuildPhase;
			buildActionMask = 2147483647;
			files = (
			);
			inputPaths = (
			);
			name = "[CP] Copy Pods Resources";
			outputPaths = (
			);
			runOnlyForDeploymentPostprocessing = 0;
			shellPath = /bin/sh;
			shellScript = "\"${SRCROOT}/Pods/Target Support Files/Pods-TravelDiary/Pods-TravelDiary-resources.sh\"\n";
			showEnvVarsInLog = 0;
		};
		CE226CA3D26E03DADD8CC783 /* [CP] Check Pods Manifest.lock */ = {
			isa = PBXShellScriptBuildPhase;
			buildActionMask = 2147483647;
			files = (
			);
			inputPaths = (
			);
			name = "[CP] Check Pods Manifest.lock";
			outputPaths = (
			);
			runOnlyForDeploymentPostprocessing = 0;
			shellPath = /bin/sh;
			shellScript = "diff \"${PODS_ROOT}/../Podfile.lock\" \"${PODS_ROOT}/Manifest.lock\" > /dev/null\nif [[ $? != 0 ]] ; then\n    cat << EOM\nerror: The sandbox is not in sync with the Podfile.lock. Run 'pod install' or update your CocoaPods installation.\nEOM\n    exit 1\nfi\n";
			showEnvVarsInLog = 0;
		};
/* End PBXShellScriptBuildPhase section */

/* Begin PBXSourcesBuildPhase section */
		FA04E70D1DA096CC00539F65 /* Sources */ = {
			isa = PBXSourcesBuildPhase;
			buildActionMask = 2147483647;
			files = (
				FA04E7171DA096CC00539F65 /* ViewController.swift in Sources */,
				FA04E7151DA096CC00539F65 /* AppDelegate.swift in Sources */,
			);
			runOnlyForDeploymentPostprocessing = 0;
		};
/* End PBXSourcesBuildPhase section */

/* Begin PBXVariantGroup section */
		FA04E7181DA096CC00539F65 /* Main.storyboard */ = {
			isa = PBXVariantGroup;
			children = (
				FA04E7191DA096CC00539F65 /* Base */,
			);
			name = Main.storyboard;
			sourceTree = "<group>";
		};
		FA04E71D1DA096CC00539F65 /* LaunchScreen.storyboard */ = {
			isa = PBXVariantGroup;
			children = (
				FA04E71E1DA096CC00539F65 /* Base */,
			);
			name = LaunchScreen.storyboard;
			sourceTree = "<group>";
		};
/* End PBXVariantGroup section */

/* Begin XCBuildConfiguration section */
		FA04E7211DA096CC00539F65 /* Debug */ = {
			isa = XCBuildConfiguration;
			buildSettings = {
				ALWAYS_SEARCH_USER_PATHS = NO;
				CLANG_ANALYZER_NONNULL = YES;
				CLANG_CXX_LANGUAGE_STANDARD = "gnu++0x";
				CLANG_CXX_LIBRARY = "libc++";
				CLANG_ENABLE_MODULES = YES;
				CLANG_ENABLE_OBJC_ARC = YES;
				CLANG_WARN_BOOL_CONVERSION = YES;
				CLANG_WARN_CONSTANT_CONVERSION = YES;
				CLANG_WARN_DIRECT_OBJC_ISA_USAGE = YES_ERROR;
				CLANG_WARN_EMPTY_BODY = YES;
				CLANG_WARN_ENUM_CONVERSION = YES;
				CLANG_WARN_INT_CONVERSION = YES;
				CLANG_WARN_OBJC_ROOT_CLASS = YES_ERROR;
				CLANG_WARN_UNREACHABLE_CODE = YES;
				CLANG_WARN__DUPLICATE_METHOD_MATCH = YES;
				"CODE_SIGN_IDENTITY[sdk=iphoneos*]" = "iPhone Developer";
				COPY_PHASE_STRIP = NO;
				DEBUG_INFORMATION_FORMAT = dwarf;
				ENABLE_STRICT_OBJC_MSGSEND = YES;
				ENABLE_TESTABILITY = YES;
				GCC_C_LANGUAGE_STANDARD = gnu99;
				GCC_DYNAMIC_NO_PIC = NO;
				GCC_NO_COMMON_BLOCKS = YES;
				GCC_OPTIMIZATION_LEVEL = 0;
				GCC_PREPROCESSOR_DEFINITIONS = (
					"DEBUG=1",
					"$(inherited)",
				);
				GCC_WARN_64_TO_32_BIT_CONVERSION = YES;
				GCC_WARN_ABOUT_RETURN_TYPE = YES_ERROR;
				GCC_WARN_UNDECLARED_SELECTOR = YES;
				GCC_WARN_UNINITIALIZED_AUTOS = YES_AGGRESSIVE;
				GCC_WARN_UNUSED_FUNCTION = YES;
				GCC_WARN_UNUSED_VARIABLE = YES;
				IPHONEOS_DEPLOYMENT_TARGET = 9.3;
				MTL_ENABLE_DEBUG_INFO = YES;
				ONLY_ACTIVE_ARCH = YES;
				SDKROOT = iphoneos;
				SWIFT_OPTIMIZATION_LEVEL = "-Onone";
			};
			name = Debug;
		};
		FA04E7221DA096CC00539F65 /* Release */ = {
			isa = XCBuildConfiguration;
			buildSettings = {
				ALWAYS_SEARCH_USER_PATHS = NO;
				CLANG_ANALYZER_NONNULL = YES;
				CLANG_CXX_LANGUAGE_STANDARD = "gnu++0x";
				CLANG_CXX_LIBRARY = "libc++";
				CLANG_ENABLE_MODULES = YES;
				CLANG_ENABLE_OBJC_ARC = YES;
				CLANG_WARN_BOOL_CONVERSION = YES;
				CLANG_WARN_CONSTANT_CONVERSION = YES;
				CLANG_WARN_DIRECT_OBJC_ISA_USAGE = YES_ERROR;
				CLANG_WARN_EMPTY_BODY = YES;
				CLANG_WARN_ENUM_CONVERSION = YES;
				CLANG_WARN_INT_CONVERSION = YES;
				CLANG_WARN_OBJC_ROOT_CLASS = YES_ERROR;
				CLANG_WARN_UNREACHABLE_CODE = YES;
				CLANG_WARN__DUPLICATE_METHOD_MATCH = YES;
				"CODE_SIGN_IDENTITY[sdk=iphoneos*]" = "iPhone Developer";
				COPY_PHASE_STRIP = NO;
				DEBUG_INFORMATION_FORMAT = "dwarf-with-dsym";
				ENABLE_NS_ASSERTIONS = NO;
				ENABLE_STRICT_OBJC_MSGSEND = YES;
				GCC_C_LANGUAGE_STANDARD = gnu99;
				GCC_NO_COMMON_BLOCKS = YES;
				GCC_WARN_64_TO_32_BIT_CONVERSION = YES;
				GCC_WARN_ABOUT_RETURN_TYPE = YES_ERROR;
				GCC_WARN_UNDECLARED_SELECTOR = YES;
				GCC_WARN_UNINITIALIZED_AUTOS = YES_AGGRESSIVE;
				GCC_WARN_UNUSED_FUNCTION = YES;
				GCC_WARN_UNUSED_VARIABLE = YES;
				IPHONEOS_DEPLOYMENT_TARGET = 9.3;
				MTL_ENABLE_DEBUG_INFO = NO;
				SDKROOT = iphoneos;
				VALIDATE_PRODUCT = YES;
			};
			name = Release;
		};
		FA04E7241DA096CC00539F65 /* Debug */ = {
			isa = XCBuildConfiguration;
			baseConfigurationReference = 417408105C293FCE0EB215E1 /* Pods-TravelDiary.debug.xcconfig */;
			buildSettings = {
				ASSETCATALOG_COMPILER_APPICON_NAME = AppIcon;
				INFOPLIST_FILE = TravelDiary/Info.plist;
				LD_RUNPATH_SEARCH_PATHS = "$(inherited) @executable_path/Frameworks";
				PRODUCT_BUNDLE_IDENTIFIER = com.alex.TravelDiary;
				PRODUCT_NAME = "$(TARGET_NAME)";
			};
			name = Debug;
		};
		FA04E7251DA096CC00539F65 /* Release */ = {
			isa = XCBuildConfiguration;
			baseConfigurationReference = 34F5919B1BDD237D91891244 /* Pods-TravelDiary.release.xcconfig */;
			buildSettings = {
				ASSETCATALOG_COMPILER_APPICON_NAME = AppIcon;
				INFOPLIST_FILE = TravelDiary/Info.plist;
				LD_RUNPATH_SEARCH_PATHS = "$(inherited) @executable_path/Frameworks";
				PRODUCT_BUNDLE_IDENTIFIER = com.alex.TravelDiary;
				PRODUCT_NAME = "$(TARGET_NAME)";
			};
			name = Release;
		};
/* End XCBuildConfiguration section */

/* Begin XCConfigurationList section */
		FA04E70C1DA096CC00539F65 /* Build configuration list for PBXProject "TravelDiary" */ = {
			isa = XCConfigurationList;
			buildConfigurations = (
				FA04E7211DA096CC00539F65 /* Debug */,
				FA04E7221DA096CC00539F65 /* Release */,
			);
			defaultConfigurationIsVisible = 0;
			defaultConfigurationName = Release;
		};
		FA04E7231DA096CC00539F65 /* Build configuration list for PBXNativeTarget "TravelDiary" */ = {
			isa = XCConfigurationList;
			buildConfigurations = (
				FA04E7241DA096CC00539F65 /* Debug */,
				FA04E7251DA096CC00539F65 /* Release */,
			);
			defaultConfigurationIsVisible = 0;
			defaultConfigurationName = Release;
		};
/* End XCConfigurationList section */
	};
	rootObject = FA04E7091DA096CC00539F65 /* Project object */;
}
